
Microsoft Visual Studio Solution File, Format Version 12.00
# Visual Studio Version 16
VisualStudioVersion = 16.0.30523.141
MinimumVisualStudioVersion = 10.0.40219.1
Project("{FAE04EC0-301F-11D3-BF4B-00C04F79EFBC}") = "Assignment_1", "Assignment_1\Assignment_1.csproj", "{FB743CF1-7052-4F31-B8E6-FBCE6EBF4894}"
EndProject
Global
	GlobalSection(SolutionConfigurationPlatforms) = preSolution
		Debug|Any CPU = Debug|Any CPU
		Release|Any CPU = Release|Any CPU
	EndGlobalSection
	GlobalSection(ProjectConfigurationPlatforms) = postSolution
		{FB743CF1-7052-4F31-B8E6-FBCE6EBF4894}.Debug|Any CPU.ActiveCfg = Debug|Any CPU
		{FB743CF1-7052-4F31-B8E6-FBCE6EBF4894}.Debug|Any CPU.Build.0 = Debug|Any CPU
		{FB743CF1-7052-4F31-B8E6-FBCE6EBF4894}.Release|Any CPU.ActiveCfg = Release|Any CPU
		{FB743CF1-7052-4F31-B8E6-FBCE6EBF4894}.Release|Any CPU.Build.0 = Release|Any CPU
	EndGlobalSection
	GlobalSection(SolutionProperties) = preSolution
		HideSolutionNode = FALSE
	EndGlobalSection
	GlobalSection(ExtensibilityGlobals) = postSolution
		SolutionGuid = {DCF23A2F-CC4B-47DC-9D65-7C61E446A312}
	EndGlobalSection
EndGlobal
